
Microsoft Visual Studio Solution File, Format Version 12.00
# Visual Studio Version 17
VisualStudioVersion = 17.2.32526.322
MinimumVisualStudioVersion = 10.0.40219.1
Project("{2150E333-8FDC-42A3-9474-1A3956D46DE8}") = "services", "services", "{524BE61A-E181-41EB-9767-DF290DB65414}"
EndProject
Project("{2150E333-8FDC-42A3-9474-1A3956D46DE8}") = "journey", "journey", "{1D406417-AA6A-4C43-89B6-61B640200EC7}"
EndProject
Project("{2150E333-8FDC-42A3-9474-1A3956D46DE8}") = "passenger", "passenger", "{6377DF55-0E70-4307-84DC-80023ED67934}"
EndProject
Project("{2150E333-8FDC-42A3-9474-1A3956D46DE8}") = "ticket", "ticket", "{620022D5-A725-492C-88BF-2F941EFBBFCA}"
EndProject
Project("{9A19103F-16F7-4668-BE54-9A1E7A4F7556}") = "Journey.Core", "Journey.Core\Journey.Core.csproj", "{B344A166-ECEA-4D6D-94E0-92A1C46B5488}"
EndProject
Project("{9A19103F-16F7-4668-BE54-9A1E7A4F7556}") = "Journey.DataAccess", "Journey.DataAccess\Journey.DataAccess.csproj", "{927C7511-8A66-4CDD-AA28-93ADB9FA83F1}"
EndProject
Project("{9A19103F-16F7-4668-BE54-9A1E7A4F7556}") = "Journey.Api", "Journey.Api\Journey.Api.csproj", "{926E6039-74D6-48FA-B3F1-241C392A6A51}"
EndProject
Project("{9A19103F-16F7-4668-BE54-9A1E7A4F7556}") = "Journey.ApplicationServices", "Journey.ApplicationServices\Journey.ApplicationServices.csproj", "{63BF5740-E2EC-48A1-BADE-8D4A75A86920}"
EndProject
Project("{9A19103F-16F7-4668-BE54-9A1E7A4F7556}") = "Passenger.Api", "Passenger.Api\Passenger.Api.csproj", "{0B5FB4C5-D7B5-4B5A-BC24-FB360B872F33}"
EndProject
Project("{9A19103F-16F7-4668-BE54-9A1E7A4F7556}") = "Ticket.Api", "Ticket.Api\Ticket.Api.csproj", "{BFE28753-7C28-4469-B92C-AAC5A48E9B54}"
EndProject
Project("{2150E333-8FDC-42A3-9474-1A3956D46DE8}") = "src", "src", "{E20DA3E3-6DB1-4C45-AC6B-207337EDF152}"
EndProject
Project("{2150E333-8FDC-42A3-9474-1A3956D46DE8}") = "shared", "shared", "{CD795DB8-5D50-4BDC-951F-AF2887FC90BE}"
EndProject
Project("{9A19103F-16F7-4668-BE54-9A1E7A4F7556}") = "Journey.ApplicationServices.Shared", "Journey.ApplicationServices.Shared\Journey.ApplicationServices.Shared.csproj", "{D03655BE-6447-4041-B117-887C8BD83775}"
EndProject
Project("{9A19103F-16F7-4668-BE54-9A1E7A4F7556}") = "Passenger.Core", "Passenger.Core\Passenger.Core.csproj", "{656F9DB9-A161-4F4C-A529-E1EAC22A4DCC}"
EndProject
Project("{9A19103F-16F7-4668-BE54-9A1E7A4F7556}") = "Passenger.DataAccess", "Passenger.DataAccess\Passenger.DataAccess.csproj", "{BF851BCE-68FB-428B-AC90-38E0206757B5}"
EndProject
Project("{9A19103F-16F7-4668-BE54-9A1E7A4F7556}") = "Passenger.ApplicationServices", "Passenger.ApplicationService\Passenger.ApplicationServices.csproj", "{8D020BF8-30E4-44D7-B949-BFDCA7400258}"
EndProject
Project("{9A19103F-16F7-4668-BE54-9A1E7A4F7556}") = "Passenger.ApplicationServices.Shared", "Passenger.ApplicationService.Shared\Passenger.ApplicationServices.Shared.csproj", "{0881EFF9-19BE-468A-9C31-1C30F296B827}"
EndProject
Project("{FAE04EC0-301F-11D3-BF4B-00C04F79EFBC}") = "Ticket.Core", "Ticket.Core\Ticket.Core.csproj", "{0BEAC2DB-9BD2-4B53-A996-A2FC87FD2301}"
EndProject
Project("{FAE04EC0-301F-11D3-BF4B-00C04F79EFBC}") = "Ticket.ApplicationServices", "Ticket.ApplicationServices\Ticket.ApplicationServices.csproj", "{D591866E-C0BB-4702-A997-BFC2861D003B}"
EndProject
Project("{FAE04EC0-301F-11D3-BF4B-00C04F79EFBC}") = "Ticket.DataAccess", "Ticket.DataAccess\Ticket.DataAccess.csproj", "{2A66E996-538A-40C3-8AB1-8C542C7737FF}"
EndProject
Project("{FAE04EC0-301F-11D3-BF4B-00C04F79EFBC}") = "Ticket.ApplicationServices.Shared", "Ticket.ApplicationServices.Shared\Ticket.ApplicationServices.Shared.csproj", "{5B34ECF4-8B5E-47FC-A8FD-CBA4E0A2A914}"
EndProject
Global
	GlobalSection(SolutionConfigurationPlatforms) = preSolution
		Debug|Any CPU = Debug|Any CPU
		Release|Any CPU = Release|Any CPU
	EndGlobalSection
	GlobalSection(ProjectConfigurationPlatforms) = postSolution
		{B344A166-ECEA-4D6D-94E0-92A1C46B5488}.Debug|Any CPU.ActiveCfg = Debug|Any CPU
		{B344A166-ECEA-4D6D-94E0-92A1C46B5488}.Debug|Any CPU.Build.0 = Debug|Any CPU
		{B344A166-ECEA-4D6D-94E0-92A1C46B5488}.Release|Any CPU.ActiveCfg = Release|Any CPU
		{B344A166-ECEA-4D6D-94E0-92A1C46B5488}.Release|Any CPU.Build.0 = Release|Any CPU
		{927C7511-8A66-4CDD-AA28-93ADB9FA83F1}.Debug|Any CPU.ActiveCfg = Debug|Any CPU
		{927C7511-8A66-4CDD-AA28-93ADB9FA83F1}.Debug|Any CPU.Build.0 = Debug|Any CPU
		{927C7511-8A66-4CDD-AA28-93ADB9FA83F1}.Release|Any CPU.ActiveCfg = Release|Any CPU
		{927C7511-8A66-4CDD-AA28-93ADB9FA83F1}.Release|Any CPU.Build.0 = Release|Any CPU
		{926E6039-74D6-48FA-B3F1-241C392A6A51}.Debug|Any CPU.ActiveCfg = Debug|Any CPU
		{926E6039-74D6-48FA-B3F1-241C392A6A51}.Debug|Any CPU.Build.0 = Debug|Any CPU
		{926E6039-74D6-48FA-B3F1-241C392A6A51}.Release|Any CPU.ActiveCfg = Release|Any CPU
		{926E6039-74D6-48FA-B3F1-241C392A6A51}.Release|Any CPU.Build.0 = Release|Any CPU
		{63BF5740-E2EC-48A1-BADE-8D4A75A86920}.Debug|Any CPU.ActiveCfg = Debug|Any CPU
		{63BF5740-E2EC-48A1-BADE-8D4A75A86920}.Debug|Any CPU.Build.0 = Debug|Any CPU
		{63BF5740-E2EC-48A1-BADE-8D4A75A86920}.Release|Any CPU.ActiveCfg = Release|Any CPU
		{63BF5740-E2EC-48A1-BADE-8D4A75A86920}.Release|Any CPU.Build.0 = Release|Any CPU
		{0B5FB4C5-D7B5-4B5A-BC24-FB360B872F33}.Debug|Any CPU.ActiveCfg = Debug|Any CPU
		{0B5FB4C5-D7B5-4B5A-BC24-FB360B872F33}.Debug|Any CPU.Build.0 = Debug|Any CPU
		{0B5FB4C5-D7B5-4B5A-BC24-FB360B872F33}.Release|Any CPU.ActiveCfg = Release|Any CPU
		{0B5FB4C5-D7B5-4B5A-BC24-FB360B872F33}.Release|Any CPU.Build.0 = Release|Any CPU
		{BFE28753-7C28-4469-B92C-AAC5A48E9B54}.Debug|Any CPU.ActiveCfg = Debug|Any CPU
		{BFE28753-7C28-4469-B92C-AAC5A48E9B54}.Debug|Any CPU.Build.0 = Debug|Any CPU
		{BFE28753-7C28-4469-B92C-AAC5A48E9B54}.Release|Any CPU.ActiveCfg = Release|Any CPU
		{BFE28753-7C28-4469-B92C-AAC5A48E9B54}.Release|Any CPU.Build.0 = Release|Any CPU
		{D03655BE-6447-4041-B117-887C8BD83775}.Debug|Any CPU.ActiveCfg = Debug|Any CPU
		{D03655BE-6447-4041-B117-887C8BD83775}.Debug|Any CPU.Build.0 = Debug|Any CPU
		{D03655BE-6447-4041-B117-887C8BD83775}.Release|Any CPU.ActiveCfg = Release|Any CPU
		{D03655BE-6447-4041-B117-887C8BD83775}.Release|Any CPU.Build.0 = Release|Any CPU
		{656F9DB9-A161-4F4C-A529-E1EAC22A4DCC}.Debug|Any CPU.ActiveCfg = Debug|Any CPU
		{656F9DB9-A161-4F4C-A529-E1EAC22A4DCC}.Debug|Any CPU.Build.0 = Debug|Any CPU
		{656F9DB9-A161-4F4C-A529-E1EAC22A4DCC}.Release|Any CPU.ActiveCfg = Release|Any CPU
		{656F9DB9-A161-4F4C-A529-E1EAC22A4DCC}.Release|Any CPU.Build.0 = Release|Any CPU
		{BF851BCE-68FB-428B-AC90-38E0206757B5}.Debug|Any CPU.ActiveCfg = Debug|Any CPU
		{BF851BCE-68FB-428B-AC90-38E0206757B5}.Debug|Any CPU.Build.0 = Debug|Any CPU
		{BF851BCE-68FB-428B-AC90-38E0206757B5}.Release|Any CPU.ActiveCfg = Release|Any CPU
		{BF851BCE-68FB-428B-AC90-38E0206757B5}.Release|Any CPU.Build.0 = Release|Any CPU
		{8D020BF8-30E4-44D7-B949-BFDCA7400258}.Debug|Any CPU.ActiveCfg = Debug|Any CPU
		{8D020BF8-30E4-44D7-B949-BFDCA7400258}.Debug|Any CPU.Build.0 = Debug|Any CPU
		{8D020BF8-30E4-44D7-B949-BFDCA7400258}.Release|Any CPU.ActiveCfg = Release|Any CPU
		{8D020BF8-30E4-44D7-B949-BFDCA7400258}.Release|Any CPU.Build.0 = Release|Any CPU
		{0881EFF9-19BE-468A-9C31-1C30F296B827}.Debug|Any CPU.ActiveCfg = Debug|Any CPU
		{0881EFF9-19BE-468A-9C31-1C30F296B827}.Debug|Any CPU.Build.0 = Debug|Any CPU
		{0881EFF9-19BE-468A-9C31-1C30F296B827}.Release|Any CPU.ActiveCfg = Release|Any CPU
		{0881EFF9-19BE-468A-9C31-1C30F296B827}.Release|Any CPU.Build.0 = Release|Any CPU
		{0BEAC2DB-9BD2-4B53-A996-A2FC87FD2301}.Debug|Any CPU.ActiveCfg = Debug|Any CPU
		{0BEAC2DB-9BD2-4B53-A996-A2FC87FD2301}.Debug|Any CPU.Build.0 = Debug|Any CPU
		{0BEAC2DB-9BD2-4B53-A996-A2FC87FD2301}.Release|Any CPU.ActiveCfg = Release|Any CPU
		{0BEAC2DB-9BD2-4B53-A996-A2FC87FD2301}.Release|Any CPU.Build.0 = Release|Any CPU
		{D591866E-C0BB-4702-A997-BFC2861D003B}.Debug|Any CPU.ActiveCfg = Debug|Any CPU
		{D591866E-C0BB-4702-A997-BFC2861D003B}.Debug|Any CPU.Build.0 = Debug|Any CPU
		{D591866E-C0BB-4702-A997-BFC2861D003B}.Release|Any CPU.ActiveCfg = Release|Any CPU
		{D591866E-C0BB-4702-A997-BFC2861D003B}.Release|Any CPU.Build.0 = Release|Any CPU
		{2A66E996-538A-40C3-8AB1-8C542C7737FF}.Debug|Any CPU.ActiveCfg = Debug|Any CPU
		{2A66E996-538A-40C3-8AB1-8C542C7737FF}.Debug|Any CPU.Build.0 = Debug|Any CPU
		{2A66E996-538A-40C3-8AB1-8C542C7737FF}.Release|Any CPU.ActiveCfg = Release|Any CPU
		{2A66E996-538A-40C3-8AB1-8C542C7737FF}.Release|Any CPU.Build.0 = Release|Any CPU
		{5B34ECF4-8B5E-47FC-A8FD-CBA4E0A2A914}.Debug|Any CPU.ActiveCfg = Debug|Any CPU
		{5B34ECF4-8B5E-47FC-A8FD-CBA4E0A2A914}.Debug|Any CPU.Build.0 = Debug|Any CPU
		{5B34ECF4-8B5E-47FC-A8FD-CBA4E0A2A914}.Release|Any CPU.ActiveCfg = Release|Any CPU
		{5B34ECF4-8B5E-47FC-A8FD-CBA4E0A2A914}.Release|Any CPU.Build.0 = Release|Any CPU
	EndGlobalSection
	GlobalSection(SolutionProperties) = preSolution
		HideSolutionNode = FALSE
	EndGlobalSection
	GlobalSection(NestedProjects) = preSolution
		{524BE61A-E181-41EB-9767-DF290DB65414} = {E20DA3E3-6DB1-4C45-AC6B-207337EDF152}
		{1D406417-AA6A-4C43-89B6-61B640200EC7} = {524BE61A-E181-41EB-9767-DF290DB65414}
		{6377DF55-0E70-4307-84DC-80023ED67934} = {524BE61A-E181-41EB-9767-DF290DB65414}
		{620022D5-A725-492C-88BF-2F941EFBBFCA} = {524BE61A-E181-41EB-9767-DF290DB65414}
		{B344A166-ECEA-4D6D-94E0-92A1C46B5488} = {1D406417-AA6A-4C43-89B6-61B640200EC7}
		{927C7511-8A66-4CDD-AA28-93ADB9FA83F1} = {1D406417-AA6A-4C43-89B6-61B640200EC7}
		{926E6039-74D6-48FA-B3F1-241C392A6A51} = {1D406417-AA6A-4C43-89B6-61B640200EC7}
		{63BF5740-E2EC-48A1-BADE-8D4A75A86920} = {1D406417-AA6A-4C43-89B6-61B640200EC7}
		{0B5FB4C5-D7B5-4B5A-BC24-FB360B872F33} = {6377DF55-0E70-4307-84DC-80023ED67934}
		{BFE28753-7C28-4469-B92C-AAC5A48E9B54} = {620022D5-A725-492C-88BF-2F941EFBBFCA}
		{CD795DB8-5D50-4BDC-951F-AF2887FC90BE} = {524BE61A-E181-41EB-9767-DF290DB65414}
		{D03655BE-6447-4041-B117-887C8BD83775} = {CD795DB8-5D50-4BDC-951F-AF2887FC90BE}
		{656F9DB9-A161-4F4C-A529-E1EAC22A4DCC} = {6377DF55-0E70-4307-84DC-80023ED67934}
		{BF851BCE-68FB-428B-AC90-38E0206757B5} = {6377DF55-0E70-4307-84DC-80023ED67934}
		{8D020BF8-30E4-44D7-B949-BFDCA7400258} = {6377DF55-0E70-4307-84DC-80023ED67934}
		{0881EFF9-19BE-468A-9C31-1C30F296B827} = {CD795DB8-5D50-4BDC-951F-AF2887FC90BE}
		{0BEAC2DB-9BD2-4B53-A996-A2FC87FD2301} = {620022D5-A725-492C-88BF-2F941EFBBFCA}
		{D591866E-C0BB-4702-A997-BFC2861D003B} = {620022D5-A725-492C-88BF-2F941EFBBFCA}
		{2A66E996-538A-40C3-8AB1-8C542C7737FF} = {620022D5-A725-492C-88BF-2F941EFBBFCA}
		{5B34ECF4-8B5E-47FC-A8FD-CBA4E0A2A914} = {CD795DB8-5D50-4BDC-951F-AF2887FC90BE}
	EndGlobalSection
	GlobalSection(ExtensibilityGlobals) = postSolution
		SolutionGuid = {08734E2D-1B87-477C-AE63-4BE8D04438A1}
	EndGlobalSection
EndGlobal
